// !$*UTF8*$!
{
	archiveVersion = 1;
	classes = {
	};
	objectVersion = 46;
	objects = {

/* Begin PBXBuildFile section */
		CB86041F1F2031A700041FDF /* AppDelegate.swift in Sources */ = {isa = PBXBuildFile; fileRef = CB86041E1F2031A700041FDF /* AppDelegate.swift */; };
		CB8604261F2031A700041FDF /* Main.storyboard in Resources */ = {isa = PBXBuildFile; fileRef = CB8604241F2031A700041FDF /* Main.storyboard */; };
		CB8604281F2031A700041FDF /* Assets.xcassets in Resources */ = {isa = PBXBuildFile; fileRef = CB8604271F2031A700041FDF /* Assets.xcassets */; };
		CB86042B1F2031A700041FDF /* LaunchScreen.storyboard in Resources */ = {isa = PBXBuildFile; fileRef = CB8604291F2031A700041FDF /* LaunchScreen.storyboard */; };
		CB8604361F2031A700041FDF /* GivDappsTests.swift in Sources */ = {isa = PBXBuildFile; fileRef = CB8604351F2031A700041FDF /* GivDappsTests.swift */; };
		CB8604411F2031A700041FDF /* GivDappsUITests.swift in Sources */ = {isa = PBXBuildFile; fileRef = CB8604401F2031A700041FDF /* GivDappsUITests.swift */; };
		CB86044F1F20328300041FDF /* ViewController.swift in Sources */ = {isa = PBXBuildFile; fileRef = CB86044E1F20328300041FDF /* ViewController.swift */; };
/* End PBXBuildFile section */

/* Begin PBXContainerItemProxy section */
		CB8604321F2031A700041FDF /* PBXContainerItemProxy */ = {
			isa = PBXContainerItemProxy;
			containerPortal = CB8604131F2031A700041FDF /* Project object */;
			proxyType = 1;
			remoteGlobalIDString = CB86041A1F2031A700041FDF;
			remoteInfo = GivDapps;
		};
		CB86043D1F2031A700041FDF /* PBXContainerItemProxy */ = {
			isa = PBXContainerItemProxy;
			containerPortal = CB8604131F2031A700041FDF /* Project object */;
			proxyType = 1;
			remoteGlobalIDString = CB86041A1F2031A700041FDF;
			remoteInfo = GivDapps;
		};
/* End PBXContainerItemProxy section */

/* Begin PBXFileReference section */
		CB86041B1F2031A700041FDF /* GivDapps.app */ = {isa = PBXFileReference; explicitFileType = wrapper.application; includeInIndex = 0; path = GivDapps.app; sourceTree = BUILT_PRODUCTS_DIR; };
		CB86041E1F2031A700041FDF /* AppDelegate.swift */ = {isa = PBXFileReference; lastKnownFileType = sourcecode.swift; path = AppDelegate.swift; sourceTree = "<group>"; };
		CB8604251F2031A700041FDF /* Base */ = {isa = PBXFileReference; lastKnownFileType = file.storyboard; name = Base; path = Base.lproj/Main.storyboard; sourceTree = "<group>"; };
		CB8604271F2031A700041FDF /* Assets.xcassets */ = {isa = PBXFileReference; lastKnownFileType = folder.assetcatalog; path = Assets.xcassets; sourceTree = "<group>"; };
		CB86042A1F2031A700041FDF /* Base */ = {isa = PBXFileReference; lastKnownFileType = file.storyboard; name = Base; path = Base.lproj/LaunchScreen.storyboard; sourceTree = "<group>"; };
		CB86042C1F2031A700041FDF /* Info.plist */ = {isa = PBXFileReference; lastKnownFileType = text.plist.xml; path = Info.plist; sourceTree = "<group>"; };
		CB8604311F2031A700041FDF /* GivDappsTests.xctest */ = {isa = PBXFileReference; explicitFileType = wrapper.cfbundle; includeInIndex = 0; path = GivDappsTests.xctest; sourceTree = BUILT_PRODUCTS_DIR; };
		CB8604351F2031A700041FDF /* GivDappsTests.swift */ = {isa = PBXFileReference; lastKnownFileType = sourcecode.swift; path = GivDappsTests.swift; sourceTree = "<group>"; };
		CB8604371F2031A700041FDF /* Info.plist */ = {isa = PBXFileReference; lastKnownFileType = text.plist.xml; path = Info.plist; sourceTree = "<group>"; };
		CB86043C1F2031A700041FDF /* GivDappsUITests.xctest */ = {isa = PBXFileReference; explicitFileType = wrapper.cfbundle; includeInIndex = 0; path = GivDappsUITests.xctest; sourceTree = BUILT_PRODUCTS_DIR; };
		CB8604401F2031A700041FDF /* GivDappsUITests.swift */ = {isa = PBXFileReference; lastKnownFileType = sourcecode.swift; path = GivDappsUITests.swift; sourceTree = "<group>"; };
		CB8604421F2031A700041FDF /* Info.plist */ = {isa = PBXFileReference; lastKnownFileType = text.plist.xml; path = Info.plist; sourceTree = "<group>"; };
		CB86044E1F20328300041FDF /* ViewController.swift */ = {isa = PBXFileReference; fileEncoding = 4; lastKnownFileType = sourcecode.swift; path = ViewController.swift; sourceTree = "<group>"; };
/* End PBXFileReference section */

/* Begin PBXFrameworksBuildPhase section */
		CB8604181F2031A700041FDF /* Frameworks */ = {
			isa = PBXFrameworksBuildPhase;
			buildActionMask = 2147483647;
			files = (
			);
			runOnlyForDeploymentPostprocessing = 0;
		};
		CB86042E1F2031A700041FDF /* Frameworks */ = {
			isa = PBXFrameworksBuildPhase;
			buildActionMask = 2147483647;
			files = (
			);
			runOnlyForDeploymentPostprocessing = 0;
		};
		CB8604391F2031A700041FDF /* Frameworks */ = {
			isa = PBXFrameworksBuildPhase;
			buildActionMask = 2147483647;
			files = (
			);
			runOnlyForDeploymentPostprocessing = 0;
		};
/* End PBXFrameworksBuildPhase section */

/* Begin PBXGroup section */
		CB8604121F2031A700041FDF = {
			isa = PBXGroup;
			children = (
				CB86041D1F2031A700041FDF /* GivDapps */,
				CB8604341F2031A700041FDF /* GivDappsTests */,
				CB86043F1F2031A700041FDF /* GivDappsUITests */,
				CB86041C1F2031A700041FDF /* Products */,
			);
			sourceTree = "<group>";
		};
		CB86041C1F2031A700041FDF /* Products */ = {
			isa = PBXGroup;
			children = (
				CB86041B1F2031A700041FDF /* GivDapps.app */,
				CB8604311F2031A700041FDF /* GivDappsTests.xctest */,
				CB86043C1F2031A700041FDF /* GivDappsUITests.xctest */,
			);
			name = Products;
			sourceTree = "<group>";
		};
		CB86041D1F2031A700041FDF /* GivDapps */ = {
			isa = PBXGroup;
			children = (
				CB86041E1F2031A700041FDF /* AppDelegate.swift */,
				CB86044E1F20328300041FDF /* ViewController.swift */,
				CB8604241F2031A700041FDF /* Main.storyboard */,
				CB8604271F2031A700041FDF /* Assets.xcassets */,
				CB8604291F2031A700041FDF /* LaunchScreen.storyboard */,
				CB86042C1F2031A700041FDF /* Info.plist */,
			);
			path = GivDapps;
			sourceTree = "<group>";
		};
		CB8604341F2031A700041FDF /* GivDappsTests */ = {
			isa = PBXGroup;
			children = (
				CB8604351F2031A700041FDF /* GivDappsTests.swift */,
				CB8604371F2031A700041FDF /* Info.plist */,
			);
			path = GivDappsTests;
			sourceTree = "<group>";
		};
		CB86043F1F2031A700041FDF /* GivDappsUITests */ = {
			isa = PBXGroup;
			children = (
				CB8604401F2031A700041FDF /* GivDappsUITests.swift */,
				CB8604421F2031A700041FDF /* Info.plist */,
			);
			path = GivDappsUITests;
			sourceTree = "<group>";
		};
/* End PBXGroup section */

/* Begin PBXNativeTarget section */
		CB86041A1F2031A700041FDF /* GivDapps */ = {
			isa = PBXNativeTarget;
			buildConfigurationList = CB8604451F2031A700041FDF /* Build configuration list for PBXNativeTarget "GivDapps" */;
			buildPhases = (
				CB8604171F2031A700041FDF /* Sources */,
				CB8604181F2031A700041FDF /* Frameworks */,
				CB8604191F2031A700041FDF /* Resources */,
			);
			buildRules = (
			);
			dependencies = (
			);
			name = GivDapps;
			productName = GivDapps;
			productReference = CB86041B1F2031A700041FDF /* GivDapps.app */;
			productType = "com.apple.product-type.application";
		};
		CB8604301F2031A700041FDF /* GivDappsTests */ = {
			isa = PBXNativeTarget;
			buildConfigurationList = CB8604481F2031A700041FDF /* Build configuration list for PBXNativeTarget "GivDappsTests" */;
			buildPhases = (
				CB86042D1F2031A700041FDF /* Sources */,
				CB86042E1F2031A700041FDF /* Frameworks */,
				CB86042F1F2031A700041FDF /* Resources */,
			);
			buildRules = (
			);
			dependencies = (
				CB8604331F2031A700041FDF /* PBXTargetDependency */,
			);
			name = GivDappsTests;
			productName = GivDappsTests;
			productReference = CB8604311F2031A700041FDF /* GivDappsTests.xctest */;
			productType = "com.apple.product-type.bundle.unit-test";
		};
		CB86043B1F2031A700041FDF /* GivDappsUITests */ = {
			isa = PBXNativeTarget;
			buildConfigurationList = CB86044B1F2031A700041FDF /* Build configuration list for PBXNativeTarget "GivDappsUITests" */;
			buildPhases = (
				CB8604381F2031A700041FDF /* Sources */,
				CB8604391F2031A700041FDF /* Frameworks */,
				CB86043A1F2031A700041FDF /* Resources */,
			);
			buildRules = (
			);
			dependencies = (
				CB86043E1F2031A700041FDF /* PBXTargetDependency */,
			);
			name = GivDappsUITests;
			productName = GivDappsUITests;
			productReference = CB86043C1F2031A700041FDF /* GivDappsUITests.xctest */;
			productType = "com.apple.product-type.bundle.ui-testing";
		};
/* End PBXNativeTarget section */

/* Begin PBXProject section */
		CB8604131F2031A700041FDF /* Project object */ = {
			isa = PBXProject;
			attributes = {
				LastSwiftUpdateCheck = 0820;
				LastUpgradeCheck = 0820;
				ORGANIZATIONNAME = GivDapps;
				TargetAttributes = {
					CB86041A1F2031A700041FDF = {
						CreatedOnToolsVersion = 8.2.1;
						DevelopmentTeam = F7VAV7GQ54;
						ProvisioningStyle = Automatic;
					};
					CB8604301F2031A700041FDF = {
						CreatedOnToolsVersion = 8.2.1;
						DevelopmentTeam = F7VAV7GQ54;
						ProvisioningStyle = Automatic;
						TestTargetID = CB86041A1F2031A700041FDF;
					};
					CB86043B1F2031A700041FDF = {
						CreatedOnToolsVersion = 8.2.1;
						DevelopmentTeam = F7VAV7GQ54;
						ProvisioningStyle = Automatic;
						TestTargetID = CB86041A1F2031A700041FDF;
					};
				};
			};
			buildConfigurationList = CB8604161F2031A700041FDF /* Build configuration list for PBXProject "GivDapps" */;
			compatibilityVersion = "Xcode 3.2";
			developmentRegion = English;
			hasScannedForEncodings = 0;
			knownRegions = (
				en,
				Base,
			);
			mainGroup = CB8604121F2031A700041FDF;
			productRefGroup = CB86041C1F2031A700041FDF /* Products */;
			projectDirPath = "";
			projectRoot = "";
			targets = (
				CB86041A1F2031A700041FDF /* GivDapps */,
				CB8604301F2031A700041FDF /* GivDappsTests */,
				CB86043B1F2031A700041FDF /* GivDappsUITests */,
			);
		};
/* End PBXProject section */

/* Begin PBXResourcesBuildPhase section */
		CB8604191F2031A700041FDF /* Resources */ = {
			isa = PBXResourcesBuildPhase;
			buildActionMask = 2147483647;
			files = (
				CB86042B1F2031A700041FDF /* LaunchScreen.storyboard in Resources */,
				CB8604281F2031A700041FDF /* Assets.xcassets in Resources */,
				CB8604261F2031A700041FDF /* Main.storyboard in Resources */,
			);
			runOnlyForDeploymentPostprocessing = 0;
		};
		CB86042F1F2031A700041FDF /* Resources */ = {
			isa = PBXResourcesBuildPhase;
			buildActionMask = 2147483647;
			files = (
			);
			runOnlyForDeploymentPostprocessing = 0;
		};
		CB86043A1F2031A700041FDF /* Resources */ = {
			isa = PBXResourcesBuildPhase;
			buildActionMask = 2147483647;
			files = (
			);
			runOnlyForDeploymentPostprocessing = 0;
		};
/* End PBXResourcesBuildPhase section */

/* Begin PBXSourcesBuildPhase section */
		CB8604171F2031A700041FDF /* Sources */ = {
			isa = PBXSourcesBuildPhase;
			buildActionMask = 2147483647;
			files = (
				CB86044F1F20328300041FDF /* ViewController.swift in Sources */,
				CB86041F1F2031A700041FDF /* AppDelegate.swift in Sources */,
			);
			runOnlyForDeploymentPostprocessing = 0;
		};
		CB86042D1F2031A700041FDF /* Sources */ = {
			isa = PBXSourcesBuildPhase;
			buildActionMask = 2147483647;
			files = (
				CB8604361F2031A700041FDF /* GivDappsTests.swift in Sources */,
			);
			runOnlyForDeploymentPostprocessing = 0;
		};
		CB8604381F2031A700041FDF /* Sources */ = {
			isa = PBXSourcesBuildPhase;
			buildActionMask = 2147483647;
			files = (
				CB8604411F2031A700041FDF /* GivDappsUITests.swift in Sources */,
			);
			runOnlyForDeploymentPostprocessing = 0;
		};
/* End PBXSourcesBuildPhase section */

/* Begin PBXTargetDependency section */
		CB8604331F2031A700041FDF /* PBXTargetDependency */ = {
			isa = PBXTargetDependency;
			target = CB86041A1F2031A700041FDF /* GivDapps */;
			targetProxy = CB8604321F2031A700041FDF /* PBXContainerItemProxy */;
		};
		CB86043E1F2031A700041FDF /* PBXTargetDependency */ = {
			isa = PBXTargetDependency;
			target = CB86041A1F2031A700041FDF /* GivDapps */;
			targetProxy = CB86043D1F2031A700041FDF /* PBXContainerItemProxy */;
		};
/* End PBXTargetDependency section */

/* Begin PBXVariantGroup section */
		CB8604241F2031A700041FDF /* Main.storyboard */ = {
			isa = PBXVariantGroup;
			children = (
				CB8604251F2031A700041FDF /* Base */,
			);
			name = Main.storyboard;
			sourceTree = "<group>";
		};
		CB8604291F2031A700041FDF /* LaunchScreen.storyboard */ = {
			isa = PBXVariantGroup;
			children = (
				CB86042A1F2031A700041FDF /* Base */,
			);
			name = LaunchScreen.storyboard;
			sourceTree = "<group>";
		};
/* End PBXVariantGroup section */

/* Begin XCBuildConfiguration section */
		CB8604431F2031A700041FDF /* Debug */ = {
			isa = XCBuildConfiguration;
			buildSettings = {
				ALWAYS_SEARCH_USER_PATHS = NO;
				CLANG_ANALYZER_NONNULL = YES;
				CLANG_CXX_LANGUAGE_STANDARD = "gnu++0x";
				CLANG_CXX_LIBRARY = "libc++";
				CLANG_ENABLE_MODULES = YES;
				CLANG_ENABLE_OBJC_ARC = YES;
				CLANG_WARN_BOOL_CONVERSION = YES;
				CLANG_WARN_CONSTANT_CONVERSION = YES;
				CLANG_WARN_DIRECT_OBJC_ISA_USAGE = YES_ERROR;
				CLANG_WARN_DOCUMENTATION_COMMENTS = YES;
				CLANG_WARN_EMPTY_BODY = YES;
				CLANG_WARN_ENUM_CONVERSION = YES;
				CLANG_WARN_INFINITE_RECURSION = YES;
				CLANG_WARN_INT_CONVERSION = YES;
				CLANG_WARN_OBJC_ROOT_CLASS = YES_ERROR;
				CLANG_WARN_SUSPICIOUS_MOVE = YES;
				CLANG_WARN_UNREACHABLE_CODE = YES;
				CLANG_WARN__DUPLICATE_METHOD_MATCH = YES;
				"CODE_SIGN_IDENTITY[sdk=iphoneos*]" = "iPhone Developer";
				COPY_PHASE_STRIP = NO;
				DEBUG_INFORMATION_FORMAT = dwarf;
				ENABLE_STRICT_OBJC_MSGSEND = YES;
				ENABLE_TESTABILITY = YES;
				GCC_C_LANGUAGE_STANDARD = gnu99;
				GCC_DYNAMIC_NO_PIC = NO;
				GCC_NO_COMMON_BLOCKS = YES;
				GCC_OPTIMIZATION_LEVEL = 0;
				GCC_PREPROCESSOR_DEFINITIONS = (
					"DEBUG=1",
					"$(inherited)",
				);
				GCC_WARN_64_TO_32_BIT_CONVERSION = YES;
				GCC_WARN_ABOUT_RETURN_TYPE = YES_ERROR;
				GCC_WARN_UNDECLARED_SELECTOR = YES;
				GCC_WARN_UNINITIALIZED_AUTOS = YES_AGGRESSIVE;
				GCC_WARN_UNUSED_FUNCTION = YES;
				GCC_WARN_UNUSED_VARIABLE = YES;
				IPHONEOS_DEPLOYMENT_TARGET = 10.2;
				MTL_ENABLE_DEBUG_INFO = YES;
				ONLY_ACTIVE_ARCH = YES;
				SDKROOT = iphoneos;
				SWIFT_ACTIVE_COMPILATION_CONDITIONS = DEBUG;
				SWIFT_OPTIMIZATION_LEVEL = "-Onone";
			};
			name = Debug;
		};
		CB8604441F2031A700041FDF /* Release */ = {
			isa = XCBuildConfiguration;
			buildSettings = {
				ALWAYS_SEARCH_USER_PATHS = NO;
				CLANG_ANALYZER_NONNULL = YES;
				CLANG_CXX_LANGUAGE_STANDARD = "gnu++0x";
				CLANG_CXX_LIBRARY = "libc++";
				CLANG_ENABLE_MODULES = YES;
				CLANG_ENABLE_OBJC_ARC = YES;
				CLANG_WARN_BOOL_CONVERSION = YES;
				CLANG_WARN_CONSTANT_CONVERSION = YES;
				CLANG_WARN_DIRECT_OBJC_ISA_USAGE = YES_ERROR;
				CLANG_WARN_DOCUMENTATION_COMMENTS = YES;
				CLANG_WARN_EMPTY_BODY = YES;
				CLANG_WARN_ENUM_CONVERSION = YES;
				CLANG_WARN_INFINITE_RECURSION = YES;
				CLANG_WARN_INT_CONVERSION = YES;
				CLANG_WARN_OBJC_ROOT_CLASS = YES_ERROR;
				CLANG_WARN_SUSPICIOUS_MOVE = YES;
				CLANG_WARN_UNREACHABLE_CODE = YES;
				CLANG_WARN__DUPLICATE_METHOD_MATCH = YES;
				"CODE_SIGN_IDENTITY[sdk=iphoneos*]" = "iPhone Developer";
				COPY_PHASE_STRIP = NO;
				DEBUG_INFORMATION_FORMAT = "dwarf-with-dsym";
				ENABLE_NS_ASSERTIONS = NO;
				ENABLE_STRICT_OBJC_MSGSEND = YES;
				GCC_C_LANGUAGE_STANDARD = gnu99;
				GCC_NO_COMMON_BLOCKS = YES;
				GCC_WARN_64_TO_32_BIT_CONVERSION = YES;
				GCC_WARN_ABOUT_RETURN_TYPE = YES_ERROR;
				GCC_WARN_UNDECLARED_SELECTOR = YES;
				GCC_WARN_UNINITIALIZED_AUTOS = YES_AGGRESSIVE;
				GCC_WARN_UNUSED_FUNCTION = YES;
				GCC_WARN_UNUSED_VARIABLE = YES;
				IPHONEOS_DEPLOYMENT_TARGET = 10.2;
				MTL_ENABLE_DEBUG_INFO = NO;
				SDKROOT = iphoneos;
				SWIFT_OPTIMIZATION_LEVEL = "-Owholemodule";
				VALIDATE_PRODUCT = YES;
			};
			name = Release;
		};
		CB8604461F2031A700041FDF /* Debug */ = {
			isa = XCBuildConfiguration;
			buildSettings = {
				ASSETCATALOG_COMPILER_APPICON_NAME = AppIcon;
				DEVELOPMENT_TEAM = F7VAV7GQ54;
				INFOPLIST_FILE = GivDapps/Info.plist;
				LD_RUNPATH_SEARCH_PATHS = "$(inherited) @executable_path/Frameworks";
				PRODUCT_BUNDLE_IDENTIFIER = org.givdapps.GivDapps;
				PRODUCT_NAME = "$(TARGET_NAME)";
				SWIFT_VERSION = 3.0;
			};
			name = Debug;
		};
		CB8604471F2031A700041FDF /* Release */ = {
			isa = XCBuildConfiguration;
			buildSettings = {
				ASSETCATALOG_COMPILER_APPICON_NAME = AppIcon;
				DEVELOPMENT_TEAM = F7VAV7GQ54;
				INFOPLIST_FILE = GivDapps/Info.plist;
				LD_RUNPATH_SEARCH_PATHS = "$(inherited) @executable_path/Frameworks";
				PRODUCT_BUNDLE_IDENTIFIER = org.givdapps.GivDapps;
				PRODUCT_NAME = "$(TARGET_NAME)";
				SWIFT_VERSION = 3.0;
			};
			name = Release;
		};
		CB8604491F2031A700041FDF /* Debug */ = {
			isa = XCBuildConfiguration;
			buildSettings = {
				ALWAYS_EMBED_SWIFT_STANDARD_LIBRARIES = YES;
				BUNDLE_LOADER = "$(TEST_HOST)";
				DEVELOPMENT_TEAM = F7VAV7GQ54;
				INFOPLIST_FILE = GivDappsTests/Info.plist;
				LD_RUNPATH_SEARCH_PATHS = "$(inherited) @executable_path/Frameworks @loader_path/Frameworks";
				PRODUCT_BUNDLE_IDENTIFIER = org.givdapps.GivDappsTests;
				PRODUCT_NAME = "$(TARGET_NAME)";
				SWIFT_VERSION = 3.0;
				TEST_HOST = "$(BUILT_PRODUCTS_DIR)/GivDapps.app/GivDapps";
			};
			name = Debug;
		};
		CB86044A1F2031A700041FDF /* Release */ = {
			isa = XCBuildConfiguration;
			buildSettings = {
				ALWAYS_EMBED_SWIFT_STANDARD_LIBRARIES = YES;
				BUNDLE_LOADER = "$(TEST_HOST)";
				DEVELOPMENT_TEAM = F7VAV7GQ54;
				INFOPLIST_FILE = GivDappsTests/Info.plist;
				LD_RUNPATH_SEARCH_PATHS = "$(inherited) @executable_path/Frameworks @loader_path/Frameworks";
				PRODUCT_BUNDLE_IDENTIFIER = org.givdapps.GivDappsTests;
				PRODUCT_NAME = "$(TARGET_NAME)";
				SWIFT_VERSION = 3.0;
				TEST_HOST = "$(BUILT_PRODUCTS_DIR)/GivDapps.app/GivDapps";
			};
			name = Release;
		};
		CB86044C1F2031A700041FDF /* Debug */ = {
			isa = XCBuildConfiguration;
			buildSettings = {
				ALWAYS_EMBED_SWIFT_STANDARD_LIBRARIES = YES;
				DEVELOPMENT_TEAM = F7VAV7GQ54;
				INFOPLIST_FILE = GivDappsUITests/Info.plist;
				LD_RUNPATH_SEARCH_PATHS = "$(inherited) @executable_path/Frameworks @loader_path/Frameworks";
				PRODUCT_BUNDLE_IDENTIFIER = org.givdapps.GivDappsUITests;
				PRODUCT_NAME = "$(TARGET_NAME)";
				SWIFT_VERSION = 3.0;
				TEST_TARGET_NAME = GivDapps;
			};
			name = Debug;
		};
		CB86044D1F2031A700041FDF /* Release */ = {
			isa = XCBuildConfiguration;
			buildSettings = {
				ALWAYS_EMBED_SWIFT_STANDARD_LIBRARIES = YES;
				DEVELOPMENT_TEAM = F7VAV7GQ54;
				INFOPLIST_FILE = GivDappsUITests/Info.plist;
				LD_RUNPATH_SEARCH_PATHS = "$(inherited) @executable_path/Frameworks @loader_path/Frameworks";
				PRODUCT_BUNDLE_IDENTIFIER = org.givdapps.GivDappsUITests;
				PRODUCT_NAME = "$(TARGET_NAME)";
				SWIFT_VERSION = 3.0;
				TEST_TARGET_NAME = GivDapps;
			};
			name = Release;
		};
/* End XCBuildConfiguration section */

/* Begin XCConfigurationList section */
		CB8604161F2031A700041FDF /* Build configuration list for PBXProject "GivDapps" */ = {
			isa = XCConfigurationList;
			buildConfigurations = (
				CB8604431F2031A700041FDF /* Debug */,
				CB8604441F2031A700041FDF /* Release */,
			);
			defaultConfigurationIsVisible = 0;
			defaultConfigurationName = Release;
		};
		CB8604451F2031A700041FDF /* Build configuration list for PBXNativeTarget "GivDapps" */ = {
			isa = XCConfigurationList;
			buildConfigurations = (
				CB8604461F2031A700041FDF /* Debug */,
				CB8604471F2031A700041FDF /* Release */,
			);
			defaultConfigurationIsVisible = 0;
		};
		CB8604481F2031A700041FDF /* Build configuration list for PBXNativeTarget "GivDappsTests" */ = {
			isa = XCConfigurationList;
			buildConfigurations = (
				CB8604491F2031A700041FDF /* Debug */,
				CB86044A1F2031A700041FDF /* Release */,
			);
			defaultConfigurationIsVisible = 0;
		};
		CB86044B1F2031A700041FDF /* Build configuration list for PBXNativeTarget "GivDappsUITests" */ = {
			isa = XCConfigurationList;
			buildConfigurations = (
				CB86044C1F2031A700041FDF /* Debug */,
				CB86044D1F2031A700041FDF /* Release */,
			);
			defaultConfigurationIsVisible = 0;
		};
/* End XCConfigurationList section */
	};
	rootObject = CB8604131F2031A700041FDF /* Project object */;
}
